
Microsoft Visual Studio Solution File, Format Version 12.00
# Visual Studio Version 16
VisualStudioVersion = 16.0.31613.86
MinimumVisualStudioVersion = 10.0.40219.1
Project("{8BC9CEB8-8B4A-11D0-8D11-00A0C91BC942}") = "rawReader", "rawReader.vcxproj", "{B227A2FB-DDBA-47D0-BCFC-8C606F1F39F4}"
EndProject
Global
	GlobalSection(SolutionConfigurationPlatforms) = preSolution
		Debug|x64 = Debug|x64
		Release|x64 = Release|x64
	EndGlobalSection
	GlobalSection(ProjectConfigurationPlatforms) = postSolution
		{B227A2FB-DDBA-47D0-BCFC-8C606F1F39F4}.Debug|x64.ActiveCfg = Debug|x64
		{B227A2FB-DDBA-47D0-BCFC-8C606F1F39F4}.Debug|x64.Build.0 = Debug|x64
		{B227A2FB-DDBA-47D0-BCFC-8C606F1F39F4}.Release|x64.ActiveCfg = Release|x64
		{B227A2FB-DDBA-47D0-BCFC-8C606F1F39F4}.Release|x64.Build.0 = Release|x64
	EndGlobalSection
	GlobalSection(SolutionProperties) = preSolution
		HideSolutionNode = FALSE
	EndGlobalSection
	GlobalSection(ExtensibilityGlobals) = postSolution
		SolutionGuid = {83658589-D13E-438B-BEFD-23CA30989A18}
	EndGlobalSection
EndGlobal
